
Microsoft Visual Studio Solution File, Format Version 12.00
# Visual Studio Version 17
VisualStudioVersion = 17.1.32210.238
MinimumVisualStudioVersion = 10.0.40219.1
Project("{FAE04EC0-301F-11D3-BF4B-00C04F79EFBC}") = "Teste-02", "Teste-02\Teste-02.csproj", "{B6C057D9-4263-4C4C-AC2A-534E7C4533E1}"
EndProject
Global
	GlobalSection(SolutionConfigurationPlatforms) = preSolution
		Debug|Any CPU = Debug|Any CPU
		Release|Any CPU = Release|Any CPU
	EndGlobalSection
	GlobalSection(ProjectConfigurationPlatforms) = postSolution
		{B6C057D9-4263-4C4C-AC2A-534E7C4533E1}.Debug|Any CPU.ActiveCfg = Debug|Any CPU
		{B6C057D9-4263-4C4C-AC2A-534E7C4533E1}.Debug|Any CPU.Build.0 = Debug|Any CPU
		{B6C057D9-4263-4C4C-AC2A-534E7C4533E1}.Release|Any CPU.ActiveCfg = Release|Any CPU
		{B6C057D9-4263-4C4C-AC2A-534E7C4533E1}.Release|Any CPU.Build.0 = Release|Any CPU
	EndGlobalSection
	GlobalSection(SolutionProperties) = preSolution
		HideSolutionNode = FALSE
	EndGlobalSection
	GlobalSection(ExtensibilityGlobals) = postSolution
		SolutionGuid = {46072E6E-3C8B-4B8B-9625-741F4CF36C93}
	EndGlobalSection
EndGlobal
